
Microsoft Visual Studio Solution File, Format Version 12.00
# Visual Studio Version 17
VisualStudioVersion = 17.10.35013.160
MinimumVisualStudioVersion = 10.0.40219.1
Project("{9A19103F-16F7-4668-BE54-9A1E7A4F7556}") = "PasswordManager.Core", "PasswordManager.Core\PasswordManager.Core.csproj", "{71F24BBA-1667-4E8E-8CAE-35D259BEBA75}"
EndProject
Project("{9A19103F-16F7-4668-BE54-9A1E7A4F7556}") = "PasswordManager.Crypto", "PasswordManager.Crypto\PasswordManager.Crypto.csproj", "{D1B19350-7D48-4FA4-BC8D-427D93F56D57}"
EndProject
Project("{9A19103F-16F7-4668-BE54-9A1E7A4F7556}") = "PasswordManager.Data", "PasswordManager.Data\PasswordManager.Data.csproj", "{5B91451C-D2EA-4D4D-8B1E-8639091F8DD1}"
EndProject
Project("{9A19103F-16F7-4668-BE54-9A1E7A4F7556}") = "PasswordManager.WPF", "PasswordManager.WPF\PasswordManager.WPF.csproj", "{0B386E60-E8EB-4814-B738-4318A463AB50}"
EndProject
Project("{9A19103F-16F7-4668-BE54-9A1E7A4F7556}") = "PasswordManager.Tests", "PasswordManager.Tests\PasswordManager.Tests.csproj", "{83BC06F8-6D32-40E8-B854-7B273D4DAB3B}"
EndProject
Project("{9A19103F-16F7-4668-BE54-9A1E7A4F7556}") = "PasswordManager.ConsoleInterface", "PasswordManager.ConsoleInterface\PasswordManager.ConsoleInterface.csproj", "{59A71149-AA58-4D42-A9B3-25A26AF76F42}"
EndProject
Global
	GlobalSection(SolutionConfigurationPlatforms) = preSolution
		Debug|Any CPU = Debug|Any CPU
		Release|Any CPU = Release|Any CPU
	EndGlobalSection
	GlobalSection(ProjectConfigurationPlatforms) = postSolution
		{71F24BBA-1667-4E8E-8CAE-35D259BEBA75}.Debug|Any CPU.ActiveCfg = Debug|Any CPU
		{71F24BBA-1667-4E8E-8CAE-35D259BEBA75}.Debug|Any CPU.Build.0 = Debug|Any CPU
		{71F24BBA-1667-4E8E-8CAE-35D259BEBA75}.Release|Any CPU.ActiveCfg = Release|Any CPU
		{71F24BBA-1667-4E8E-8CAE-35D259BEBA75}.Release|Any CPU.Build.0 = Release|Any CPU
		{D1B19350-7D48-4FA4-BC8D-427D93F56D57}.Debug|Any CPU.ActiveCfg = Debug|Any CPU
		{D1B19350-7D48-4FA4-BC8D-427D93F56D57}.Debug|Any CPU.Build.0 = Debug|Any CPU
		{D1B19350-7D48-4FA4-BC8D-427D93F56D57}.Release|Any CPU.ActiveCfg = Release|Any CPU
		{D1B19350-7D48-4FA4-BC8D-427D93F56D57}.Release|Any CPU.Build.0 = Release|Any CPU
		{5B91451C-D2EA-4D4D-8B1E-8639091F8DD1}.Debug|Any CPU.ActiveCfg = Debug|Any CPU
		{5B91451C-D2EA-4D4D-8B1E-8639091F8DD1}.Debug|Any CPU.Build.0 = Debug|Any CPU
		{5B91451C-D2EA-4D4D-8B1E-8639091F8DD1}.Release|Any CPU.ActiveCfg = Release|Any CPU
		{5B91451C-D2EA-4D4D-8B1E-8639091F8DD1}.Release|Any CPU.Build.0 = Release|Any CPU
		{0B386E60-E8EB-4814-B738-4318A463AB50}.Debug|Any CPU.ActiveCfg = Debug|Any CPU
		{0B386E60-E8EB-4814-B738-4318A463AB50}.Debug|Any CPU.Build.0 = Debug|Any CPU
		{0B386E60-E8EB-4814-B738-4318A463AB50}.Release|Any CPU.ActiveCfg = Release|Any CPU
		{0B386E60-E8EB-4814-B738-4318A463AB50}.Release|Any CPU.Build.0 = Release|Any CPU
		{83BC06F8-6D32-40E8-B854-7B273D4DAB3B}.Debug|Any CPU.ActiveCfg = Debug|Any CPU
		{83BC06F8-6D32-40E8-B854-7B273D4DAB3B}.Debug|Any CPU.Build.0 = Debug|Any CPU
		{83BC06F8-6D32-40E8-B854-7B273D4DAB3B}.Release|Any CPU.ActiveCfg = Release|Any CPU
		{83BC06F8-6D32-40E8-B854-7B273D4DAB3B}.Release|Any CPU.Build.0 = Release|Any CPU
		{59A71149-AA58-4D42-A9B3-25A26AF76F42}.Debug|Any CPU.ActiveCfg = Debug|Any CPU
		{59A71149-AA58-4D42-A9B3-25A26AF76F42}.Debug|Any CPU.Build.0 = Debug|Any CPU
		{59A71149-AA58-4D42-A9B3-25A26AF76F42}.Release|Any CPU.ActiveCfg = Release|Any CPU
		{59A71149-AA58-4D42-A9B3-25A26AF76F42}.Release|Any CPU.Build.0 = Release|Any CPU
	EndGlobalSection
	GlobalSection(SolutionProperties) = preSolution
		HideSolutionNode = FALSE
	EndGlobalSection
	GlobalSection(ExtensibilityGlobals) = postSolution
		SolutionGuid = {E977286A-62B8-4267-97BA-7164984FF150}
	EndGlobalSection
EndGlobal
